
Microsoft Visual Studio Solution File, Format Version 12.00
# Visual Studio Version 16
VisualStudioVersion = 16.0.31624.102
MinimumVisualStudioVersion = 10.0.40219.1
Project("{FAE04EC0-301F-11D3-BF4B-00C04F79EFBC}") = "QiriPeru.Ecommerce.API", "QiriPeru.Ecommerce.API\QiriPeru.Ecommerce.API.csproj", "{607AFC47-643F-4E14-AD53-7ED7EB157B82}"
EndProject
Project("{FAE04EC0-301F-11D3-BF4B-00C04F79EFBC}") = "QiriPeru.Ecommerce.BussinessLogic", "QiriPeru.Ecommerce.BussinessLogic\QiriPeru.Ecommerce.BussinessLogic.csproj", "{F2C8A780-6FB4-4DD8-AF65-F4024454DBF7}"
EndProject
Project("{FAE04EC0-301F-11D3-BF4B-00C04F79EFBC}") = "QiriPeru.Ecommerce.Core", "QiriPeru.Ecommerce.Core\QiriPeru.Ecommerce.Core.csproj", "{A4AC45C8-17A3-4F0F-9DD1-8D8662E7BF0C}"
EndProject
Global
	GlobalSection(SolutionConfigurationPlatforms) = preSolution
		Debug|Any CPU = Debug|Any CPU
		Release|Any CPU = Release|Any CPU
	EndGlobalSection
	GlobalSection(ProjectConfigurationPlatforms) = postSolution
		{607AFC47-643F-4E14-AD53-7ED7EB157B82}.Debug|Any CPU.ActiveCfg = Debug|Any CPU
		{607AFC47-643F-4E14-AD53-7ED7EB157B82}.Debug|Any CPU.Build.0 = Debug|Any CPU
		{607AFC47-643F-4E14-AD53-7ED7EB157B82}.Release|Any CPU.ActiveCfg = Release|Any CPU
		{607AFC47-643F-4E14-AD53-7ED7EB157B82}.Release|Any CPU.Build.0 = Release|Any CPU
		{F2C8A780-6FB4-4DD8-AF65-F4024454DBF7}.Debug|Any CPU.ActiveCfg = Debug|Any CPU
		{F2C8A780-6FB4-4DD8-AF65-F4024454DBF7}.Debug|Any CPU.Build.0 = Debug|Any CPU
		{F2C8A780-6FB4-4DD8-AF65-F4024454DBF7}.Release|Any CPU.ActiveCfg = Release|Any CPU
		{F2C8A780-6FB4-4DD8-AF65-F4024454DBF7}.Release|Any CPU.Build.0 = Release|Any CPU
		{A4AC45C8-17A3-4F0F-9DD1-8D8662E7BF0C}.Debug|Any CPU.ActiveCfg = Debug|Any CPU
		{A4AC45C8-17A3-4F0F-9DD1-8D8662E7BF0C}.Debug|Any CPU.Build.0 = Debug|Any CPU
		{A4AC45C8-17A3-4F0F-9DD1-8D8662E7BF0C}.Release|Any CPU.ActiveCfg = Release|Any CPU
		{A4AC45C8-17A3-4F0F-9DD1-8D8662E7BF0C}.Release|Any CPU.Build.0 = Release|Any CPU
	EndGlobalSection
	GlobalSection(SolutionProperties) = preSolution
		HideSolutionNode = FALSE
	EndGlobalSection
	GlobalSection(ExtensibilityGlobals) = postSolution
		SolutionGuid = {C1D4679C-F6F3-432E-8799-9BF3B505774D}
	EndGlobalSection
EndGlobal
